dependencies:
- name: kubeform-provider
  repository: file://../kubeform-provider
  version: v2021.07.01
- name: kubeform-provider-azurerm-advanced-crds
  repository: file://../kubeform-provider-azurerm-advanced-crds
  version: v2021.07.01
- name: kubeform-provider-azurerm-analysis-crds
  repository: file://../kubeform-provider-azurerm-analysis-crds
  version: v2021.07.01
- name: kubeform-provider-azurerm-apimanagement-crds
  repository: file://../kubeform-provider-azurerm-apimanagement-crds
  version: v2021.07.01
- name: kubeform-provider-azurerm-app-crds
  repository: file://../kubeform-provider-azurerm-app-crds
  version: v2021.07.01
- name: kubeform-provider-azurerm-application-crds
  repository: file://../kubeform-provider-azurerm-application-crds
  version: v2021.07.01
- name: kubeform-provider-azurerm-attestation-crds
  repository: file://../kubeform-provider-azurerm-attestation-crds
  version: v2021.07.01
- name: kubeform-provider-azurerm-automation-crds
  repository: file://../kubeform-provider-azurerm-automation-crds
  version: v2021.07.01
- name: kubeform-provider-azurerm-availability-crds
  repository: file://../kubeform-provider-azurerm-availability-crds
  version: v2021.07.01
- name: kubeform-provider-azurerm-backup-crds
  repository: file://../kubeform-provider-azurerm-backup-crds
  version: v2021.07.01
- name: kubeform-provider-azurerm-bastion-crds
  repository: file://../kubeform-provider-azurerm-bastion-crds
  version: v2021.07.01
- name: kubeform-provider-azurerm-batch-crds
  repository: file://../kubeform-provider-azurerm-batch-crds
  version: v2021.07.01
- name: kubeform-provider-azurerm-blueprint-crds
  repository: file://../kubeform-provider-azurerm-blueprint-crds
  version: v2021.07.01
- name: kubeform-provider-azurerm-bot-crds
  repository: file://../kubeform-provider-azurerm-bot-crds
  version: v2021.07.01
- name: kubeform-provider-azurerm-cdn-crds
  repository: file://../kubeform-provider-azurerm-cdn-crds
  version: v2021.07.01
- name: kubeform-provider-azurerm-cognitive-crds
  repository: file://../kubeform-provider-azurerm-cognitive-crds
  version: v2021.07.01
- name: kubeform-provider-azurerm-communication-crds
  repository: file://../kubeform-provider-azurerm-communication-crds
  version: v2021.07.01
- name: kubeform-provider-azurerm-consumption-crds
  repository: file://../kubeform-provider-azurerm-consumption-crds
  version: v2021.07.01
- name: kubeform-provider-azurerm-container-crds
  repository: file://../kubeform-provider-azurerm-container-crds
  version: v2021.07.01
- name: kubeform-provider-azurerm-cosmosdb-crds
  repository: file://../kubeform-provider-azurerm-cosmosdb-crds
  version: v2021.07.01
- name: kubeform-provider-azurerm-cost-crds
  repository: file://../kubeform-provider-azurerm-cost-crds
  version: v2021.07.01
- name: kubeform-provider-azurerm-custom-crds
  repository: file://../kubeform-provider-azurerm-custom-crds
  version: v2021.07.01
- name: kubeform-provider-azurerm-dashboard-crds
  repository: file://../kubeform-provider-azurerm-dashboard-crds
  version: v2021.07.01
- name: kubeform-provider-azurerm-data-crds
  repository: file://../kubeform-provider-azurerm-data-crds
  version: v2021.07.01
- name: kubeform-provider-azurerm-database-crds
  repository: file://../kubeform-provider-azurerm-database-crds
  version: v2021.07.01
- name: kubeform-provider-azurerm-databox-crds
  repository: file://../kubeform-provider-azurerm-databox-crds
  version: v2021.07.01
- name: kubeform-provider-azurerm-databricks-crds
  repository: file://../kubeform-provider-azurerm-databricks-crds
  version: v2021.07.01
- name: kubeform-provider-azurerm-dedicatedhardware-crds
  repository: file://../kubeform-provider-azurerm-dedicatedhardware-crds
  version: v2021.07.01
- name: kubeform-provider-azurerm-dedicatedhost-crds
  repository: file://../kubeform-provider-azurerm-dedicatedhost-crds
  version: v2021.07.01
- name: kubeform-provider-azurerm-devspace-crds
  repository: file://../kubeform-provider-azurerm-devspace-crds
  version: v2021.07.01
- name: kubeform-provider-azurerm-devtest-crds
  repository: file://../kubeform-provider-azurerm-devtest-crds
  version: v2021.07.01
- name: kubeform-provider-azurerm-digital-crds
  repository: file://../kubeform-provider-azurerm-digital-crds
  version: v2021.07.01
- name: kubeform-provider-azurerm-disk-crds
  repository: file://../kubeform-provider-azurerm-disk-crds
  version: v2021.07.01
- name: kubeform-provider-azurerm-dns-crds
  repository: file://../kubeform-provider-azurerm-dns-crds
  version: v2021.07.01
- name: kubeform-provider-azurerm-eventgrid-crds
  repository: file://../kubeform-provider-azurerm-eventgrid-crds
  version: v2021.07.01
- name: kubeform-provider-azurerm-eventhub-crds
  repository: file://../kubeform-provider-azurerm-eventhub-crds
  version: v2021.07.01
- name: kubeform-provider-azurerm-expressroute-crds
  repository: file://../kubeform-provider-azurerm-expressroute-crds
  version: v2021.07.01
- name: kubeform-provider-azurerm-firewall-crds
  repository: file://../kubeform-provider-azurerm-firewall-crds
  version: v2021.07.01
- name: kubeform-provider-azurerm-frontdoor-crds
  repository: file://../kubeform-provider-azurerm-frontdoor-crds
  version: v2021.07.01
- name: kubeform-provider-azurerm-function-crds
  repository: file://../kubeform-provider-azurerm-function-crds
  version: v2021.07.01
- name: kubeform-provider-azurerm-hdinsight-crds
  repository: file://../kubeform-provider-azurerm-hdinsight-crds
  version: v2021.07.01
- name: kubeform-provider-azurerm-healthbot-crds
  repository: file://../kubeform-provider-azurerm-healthbot-crds
  version: v2021.07.01
- name: kubeform-provider-azurerm-healthcare-crds
  repository: file://../kubeform-provider-azurerm-healthcare-crds
  version: v2021.07.01
- name: kubeform-provider-azurerm-hpc-crds
  repository: file://../kubeform-provider-azurerm-hpc-crds
  version: v2021.07.01
- name: kubeform-provider-azurerm-image-crds
  repository: file://../kubeform-provider-azurerm-image-crds
  version: v2021.07.01
- name: kubeform-provider-azurerm-integration-crds
  repository: file://../kubeform-provider-azurerm-integration-crds
  version: v2021.07.01
- name: kubeform-provider-azurerm-iotcentral-crds
  repository: file://../kubeform-provider-azurerm-iotcentral-crds
  version: v2021.07.01
- name: kubeform-provider-azurerm-iothub-crds
  repository: file://../kubeform-provider-azurerm-iothub-crds
  version: v2021.07.01
- name: kubeform-provider-azurerm-iotsecurity-crds
  repository: file://../kubeform-provider-azurerm-iotsecurity-crds
  version: v2021.07.01
- name: kubeform-provider-azurerm-iottime-crds
  repository: file://../kubeform-provider-azurerm-iottime-crds
  version: v2021.07.01
- name: kubeform-provider-azurerm-ip-crds
  repository: file://../kubeform-provider-azurerm-ip-crds
  version: v2021.07.01
- name: kubeform-provider-azurerm-keyvault-crds
  repository: file://../kubeform-provider-azurerm-keyvault-crds
  version: v2021.07.01
- name: kubeform-provider-azurerm-kubernetescluster-crds
  repository: file://../kubeform-provider-azurerm-kubernetescluster-crds
  version: v2021.07.01
- name: kubeform-provider-azurerm-kusto-crds
  repository: file://../kubeform-provider-azurerm-kusto-crds
  version: v2021.07.01
- name: kubeform-provider-azurerm-lb-crds
  repository: file://../kubeform-provider-azurerm-lb-crds
  version: v2021.07.01
- name: kubeform-provider-azurerm-lighthouse-crds
  repository: file://../kubeform-provider-azurerm-lighthouse-crds
  version: v2021.07.01
- name: kubeform-provider-azurerm-linux-crds
  repository: file://../kubeform-provider-azurerm-linux-crds
  version: v2021.07.01
- name: kubeform-provider-azurerm-local-crds
  repository: file://../kubeform-provider-azurerm-local-crds
  version: v2021.07.01
- name: kubeform-provider-azurerm-loganalytics-crds
  repository: file://../kubeform-provider-azurerm-loganalytics-crds
  version: v2021.07.01
- name: kubeform-provider-azurerm-logicapp-crds
  repository: file://../kubeform-provider-azurerm-logicapp-crds
  version: v2021.07.01
- name: kubeform-provider-azurerm-machine-crds
  repository: file://../kubeform-provider-azurerm-machine-crds
  version: v2021.07.01
- name: kubeform-provider-azurerm-maintenance-crds
  repository: file://../kubeform-provider-azurerm-maintenance-crds
  version: v2021.07.01
- name: kubeform-provider-azurerm-managed-crds
  repository: file://../kubeform-provider-azurerm-managed-crds
  version: v2021.07.01
- name: kubeform-provider-azurerm-management-crds
  repository: file://../kubeform-provider-azurerm-management-crds
  version: v2021.07.01
- name: kubeform-provider-azurerm-maps-crds
  repository: file://../kubeform-provider-azurerm-maps-crds
  version: v2021.07.01
- name: kubeform-provider-azurerm-mariadb-crds
  repository: file://../kubeform-provider-azurerm-mariadb-crds
  version: v2021.07.01
- name: kubeform-provider-azurerm-marketplace-crds
  repository: file://../kubeform-provider-azurerm-marketplace-crds
  version: v2021.07.01
- name: kubeform-provider-azurerm-media-crds
  repository: file://../kubeform-provider-azurerm-media-crds
  version: v2021.07.01
- name: kubeform-provider-azurerm-monitor-crds
  repository: file://../kubeform-provider-azurerm-monitor-crds
  version: v2021.07.01
- name: kubeform-provider-azurerm-mssql-crds
  repository: file://../kubeform-provider-azurerm-mssql-crds
  version: v2021.07.01
- name: kubeform-provider-azurerm-mysql-crds
  repository: file://../kubeform-provider-azurerm-mysql-crds
  version: v2021.07.01
- name: kubeform-provider-azurerm-nat-crds
  repository: file://../kubeform-provider-azurerm-nat-crds
  version: v2021.07.01
- name: kubeform-provider-azurerm-netapp-crds
  repository: file://../kubeform-provider-azurerm-netapp-crds
  version: v2021.07.01
- name: kubeform-provider-azurerm-network-crds
  repository: file://../kubeform-provider-azurerm-network-crds
  version: v2021.07.01
- name: kubeform-provider-azurerm-notificationhub-crds
  repository: file://../kubeform-provider-azurerm-notificationhub-crds
  version: v2021.07.01
- name: kubeform-provider-azurerm-orchestrated-crds
  repository: file://../kubeform-provider-azurerm-orchestrated-crds
  version: v2021.07.01
- name: kubeform-provider-azurerm-packet-crds
  repository: file://../kubeform-provider-azurerm-packet-crds
  version: v2021.07.01
- name: kubeform-provider-azurerm-point-crds
  repository: file://../kubeform-provider-azurerm-point-crds
  version: v2021.07.01
- name: kubeform-provider-azurerm-policy-crds
  repository: file://../kubeform-provider-azurerm-policy-crds
  version: v2021.07.01
- name: kubeform-provider-azurerm-portal-crds
  repository: file://../kubeform-provider-azurerm-portal-crds
  version: v2021.07.01
- name: kubeform-provider-azurerm-postgresql-crds
  repository: file://../kubeform-provider-azurerm-postgresql-crds
  version: v2021.07.01
- name: kubeform-provider-azurerm-powerbi-crds
  repository: file://../kubeform-provider-azurerm-powerbi-crds
  version: v2021.07.01
- name: kubeform-provider-azurerm-private-crds
  repository: file://../kubeform-provider-azurerm-private-crds
  version: v2021.07.01
- name: kubeform-provider-azurerm-proximity-crds
  repository: file://../kubeform-provider-azurerm-proximity-crds
  version: v2021.07.01
- name: kubeform-provider-azurerm-publicip-crds
  repository: file://../kubeform-provider-azurerm-publicip-crds
  version: v2021.07.01
- name: kubeform-provider-azurerm-purview-crds
  repository: file://../kubeform-provider-azurerm-purview-crds
  version: v2021.07.01
- name: kubeform-provider-azurerm-recovery-crds
  repository: file://../kubeform-provider-azurerm-recovery-crds
  version: v2021.07.01
- name: kubeform-provider-azurerm-redis-crds
  repository: file://../kubeform-provider-azurerm-redis-crds
  version: v2021.07.01
- name: kubeform-provider-azurerm-relay-crds
  repository: file://../kubeform-provider-azurerm-relay-crds
  version: v2021.07.01
- name: kubeform-provider-azurerm-resource-crds
  repository: file://../kubeform-provider-azurerm-resource-crds
  version: v2021.07.01
- name: kubeform-provider-azurerm-role-crds
  repository: file://../kubeform-provider-azurerm-role-crds
  version: v2021.07.01
- name: kubeform-provider-azurerm-route-crds
  repository: file://../kubeform-provider-azurerm-route-crds
  version: v2021.07.01
- name: kubeform-provider-azurerm-search-crds
  repository: file://../kubeform-provider-azurerm-search-crds
  version: v2021.07.01
- name: kubeform-provider-azurerm-security-crds
  repository: file://../kubeform-provider-azurerm-security-crds
  version: v2021.07.01
- name: kubeform-provider-azurerm-sentinel-crds
  repository: file://../kubeform-provider-azurerm-sentinel-crds
  version: v2021.07.01
- name: kubeform-provider-azurerm-service-crds
  repository: file://../kubeform-provider-azurerm-service-crds
  version: v2021.07.01
- name: kubeform-provider-azurerm-servicebus-crds
  repository: file://../kubeform-provider-azurerm-servicebus-crds
  version: v2021.07.01
- name: kubeform-provider-azurerm-sharedimage-crds
  repository: file://../kubeform-provider-azurerm-sharedimage-crds
  version: v2021.07.01
- name: kubeform-provider-azurerm-signalr-crds
  repository: file://../kubeform-provider-azurerm-signalr-crds
  version: v2021.07.01
- name: kubeform-provider-azurerm-siterecovery-crds
  repository: file://../kubeform-provider-azurerm-siterecovery-crds
  version: v2021.07.01
- name: kubeform-provider-azurerm-snapshot-crds
  repository: file://../kubeform-provider-azurerm-snapshot-crds
  version: v2021.07.01
- name: kubeform-provider-azurerm-spatial-crds
  repository: file://../kubeform-provider-azurerm-spatial-crds
  version: v2021.07.01
- name: kubeform-provider-azurerm-spring-crds
  repository: file://../kubeform-provider-azurerm-spring-crds
  version: v2021.07.01
- name: kubeform-provider-azurerm-sql-crds
  repository: file://../kubeform-provider-azurerm-sql-crds
  version: v2021.07.01
- name: kubeform-provider-azurerm-ssh-crds
  repository: file://../kubeform-provider-azurerm-ssh-crds
  version: v2021.07.01
- name: kubeform-provider-azurerm-stack-crds
  repository: file://../kubeform-provider-azurerm-stack-crds
  version: v2021.07.01
- name: kubeform-provider-azurerm-static-crds
  repository: file://../kubeform-provider-azurerm-static-crds
  version: v2021.07.01
- name: kubeform-provider-azurerm-storage-crds
  repository: file://../kubeform-provider-azurerm-storage-crds
  version: v2021.07.01
- name: kubeform-provider-azurerm-stream-crds
  repository: file://../kubeform-provider-azurerm-stream-crds
  version: v2021.07.01
- name: kubeform-provider-azurerm-subnet-crds
  repository: file://../kubeform-provider-azurerm-subnet-crds
  version: v2021.07.01
- name: kubeform-provider-azurerm-subscription-crds
  repository: file://../kubeform-provider-azurerm-subscription-crds
  version: v2021.07.01
- name: kubeform-provider-azurerm-synapse-crds
  repository: file://../kubeform-provider-azurerm-synapse-crds
  version: v2021.07.01
- name: kubeform-provider-azurerm-template-crds
  repository: file://../kubeform-provider-azurerm-template-crds
  version: v2021.07.01
- name: kubeform-provider-azurerm-tenant-crds
  repository: file://../kubeform-provider-azurerm-tenant-crds
  version: v2021.07.01
- name: kubeform-provider-azurerm-trafficmanager-crds
  repository: file://../kubeform-provider-azurerm-trafficmanager-crds
  version: v2021.07.01
- name: kubeform-provider-azurerm-user-crds
  repository: file://../kubeform-provider-azurerm-user-crds
  version: v2021.07.01
- name: kubeform-provider-azurerm-virtual-crds
  repository: file://../kubeform-provider-azurerm-virtual-crds
  version: v2021.07.01
- name: kubeform-provider-azurerm-vmware-crds
  repository: file://../kubeform-provider-azurerm-vmware-crds
  version: v2021.07.01
- name: kubeform-provider-azurerm-vpn-crds
  repository: file://../kubeform-provider-azurerm-vpn-crds
  version: v2021.07.01
- name: kubeform-provider-azurerm-web-crds
  repository: file://../kubeform-provider-azurerm-web-crds
  version: v2021.07.01
- name: kubeform-provider-azurerm-windows-crds
  repository: file://../kubeform-provider-azurerm-windows-crds
  version: v2021.07.01
digest: sha256:62baae7f39d59245e0b7c70231c871f1be7383238f8cd6e77fca924905a9cd50
generated: "2021-07-03T14:26:37.169011727-07:00"
