dependencies:
- name: kubeform-provider
  repository: file://../kubeform-provider
  version: v0.1.0
- name: kubeform-provider-linode-domain-crds
  repository: file://../kubeform-provider-linode-domain-crds
  version: v2021.06.23
- name: kubeform-provider-linode-firewall-crds
  repository: file://../kubeform-provider-linode-firewall-crds
  version: v2021.06.23
- name: kubeform-provider-linode-image-crds
  repository: file://../kubeform-provider-linode-image-crds
  version: v2021.06.23
- name: kubeform-provider-linode-instance-crds
  repository: file://../kubeform-provider-linode-instance-crds
  version: v2021.06.23
- name: kubeform-provider-linode-lke-crds
  repository: file://../kubeform-provider-linode-lke-crds
  version: v2021.06.23
- name: kubeform-provider-linode-nodebalancer-crds
  repository: file://../kubeform-provider-linode-nodebalancer-crds
  version: v2021.06.23
- name: kubeform-provider-linode-object-crds
  repository: file://../kubeform-provider-linode-object-crds
  version: v2021.06.23
- name: kubeform-provider-linode-rdns-crds
  repository: file://../kubeform-provider-linode-rdns-crds
  version: v2021.06.23
- name: kubeform-provider-linode-sshkey-crds
  repository: file://../kubeform-provider-linode-sshkey-crds
  version: v2021.06.23
- name: kubeform-provider-linode-stackscript-crds
  repository: file://../kubeform-provider-linode-stackscript-crds
  version: v2021.06.23
- name: kubeform-provider-linode-token-crds
  repository: file://../kubeform-provider-linode-token-crds
  version: v2021.06.23
- name: kubeform-provider-linode-user-crds
  repository: file://../kubeform-provider-linode-user-crds
  version: v2021.06.23
- name: kubeform-provider-linode-vlan-crds
  repository: file://../kubeform-provider-linode-vlan-crds
  version: v2021.06.23
- name: kubeform-provider-linode-volume-crds
  repository: file://../kubeform-provider-linode-volume-crds
  version: v2021.06.23
digest: sha256:10b6225accb548521b2ec8a803910a1a3aacbc51dc678e065ab59dfc4efc7687
generated: "2021-06-28T12:52:33.650451227-07:00"
