dependencies:
- name: kubeform-provider
  repository: file://../kubeform-provider
  version: v2021.07.01
- name: kubeform-provider-linode-domain-crds
  repository: file://../kubeform-provider-linode-domain-crds
  version: v2021.07.01
- name: kubeform-provider-linode-firewall-crds
  repository: file://../kubeform-provider-linode-firewall-crds
  version: v2021.07.01
- name: kubeform-provider-linode-image-crds
  repository: file://../kubeform-provider-linode-image-crds
  version: v2021.07.01
- name: kubeform-provider-linode-instance-crds
  repository: file://../kubeform-provider-linode-instance-crds
  version: v2021.07.01
- name: kubeform-provider-linode-lke-crds
  repository: file://../kubeform-provider-linode-lke-crds
  version: v2021.07.01
- name: kubeform-provider-linode-nodebalancer-crds
  repository: file://../kubeform-provider-linode-nodebalancer-crds
  version: v2021.07.01
- name: kubeform-provider-linode-object-crds
  repository: file://../kubeform-provider-linode-object-crds
  version: v2021.07.01
- name: kubeform-provider-linode-rdns-crds
  repository: file://../kubeform-provider-linode-rdns-crds
  version: v2021.07.01
- name: kubeform-provider-linode-sshkey-crds
  repository: file://../kubeform-provider-linode-sshkey-crds
  version: v2021.07.01
- name: kubeform-provider-linode-stackscript-crds
  repository: file://../kubeform-provider-linode-stackscript-crds
  version: v2021.07.01
- name: kubeform-provider-linode-token-crds
  repository: file://../kubeform-provider-linode-token-crds
  version: v2021.07.01
- name: kubeform-provider-linode-user-crds
  repository: file://../kubeform-provider-linode-user-crds
  version: v2021.07.01
- name: kubeform-provider-linode-volume-crds
  repository: file://../kubeform-provider-linode-volume-crds
  version: v2021.07.01
digest: sha256:5e30ccbd1dc35b3c2107937b2aa42c2de4a45fcfab8806b85245d9a57eab0aef
generated: "2021-07-03T14:26:53.438037111-07:00"
