dependencies:
- name: kubeform-provider
  repository: file://../kubeform-provider
  version: v0.1.0
- name: kubeform-provider-google-accesscontext-crds
  repository: file://../kubeform-provider-google-accesscontext-crds
  version: v2021.07.01
- name: kubeform-provider-google-active-crds
  repository: file://../kubeform-provider-google-active-crds
  version: v2021.07.01
- name: kubeform-provider-google-apigee-crds
  repository: file://../kubeform-provider-google-apigee-crds
  version: v2021.07.01
- name: kubeform-provider-google-appengine-crds
  repository: file://../kubeform-provider-google-appengine-crds
  version: v2021.07.01
- name: kubeform-provider-google-bigquery-crds
  repository: file://../kubeform-provider-google-bigquery-crds
  version: v2021.07.01
- name: kubeform-provider-google-bigtable-crds
  repository: file://../kubeform-provider-google-bigtable-crds
  version: v2021.07.01
- name: kubeform-provider-google-billingaccount-crds
  repository: file://../kubeform-provider-google-billingaccount-crds
  version: v2021.07.01
- name: kubeform-provider-google-billingbudget-crds
  repository: file://../kubeform-provider-google-billingbudget-crds
  version: v2021.07.01
- name: kubeform-provider-google-billingsubaccount-crds
  repository: file://../kubeform-provider-google-billingsubaccount-crds
  version: v2021.07.01
- name: kubeform-provider-google-binaryauthorization-crds
  repository: file://../kubeform-provider-google-binaryauthorization-crds
  version: v2021.07.01
- name: kubeform-provider-google-cloud-crds
  repository: file://../kubeform-provider-google-cloud-crds
  version: v2021.07.01
- name: kubeform-provider-google-cloudbuild-crds
  repository: file://../kubeform-provider-google-cloudbuild-crds
  version: v2021.07.01
- name: kubeform-provider-google-cloudfunctionsfunction-crds
  repository: file://../kubeform-provider-google-cloudfunctionsfunction-crds
  version: v2021.07.01
- name: kubeform-provider-google-cloudiot-crds
  repository: file://../kubeform-provider-google-cloudiot-crds
  version: v2021.07.01
- name: kubeform-provider-google-composer-crds
  repository: file://../kubeform-provider-google-composer-crds
  version: v2021.07.01
- name: kubeform-provider-google-compute-crds
  repository: file://../kubeform-provider-google-compute-crds
  version: v2021.07.01
- name: kubeform-provider-google-container-crds
  repository: file://../kubeform-provider-google-container-crds
  version: v2021.07.01
- name: kubeform-provider-google-data-crds
  repository: file://../kubeform-provider-google-data-crds
  version: v2021.07.01
- name: kubeform-provider-google-dataflow-crds
  repository: file://../kubeform-provider-google-dataflow-crds
  version: v2021.07.01
- name: kubeform-provider-google-dataproc-crds
  repository: file://../kubeform-provider-google-dataproc-crds
  version: v2021.07.01
- name: kubeform-provider-google-datastore-crds
  repository: file://../kubeform-provider-google-datastore-crds
  version: v2021.07.01
- name: kubeform-provider-google-deployment-crds
  repository: file://../kubeform-provider-google-deployment-crds
  version: v2021.07.01
- name: kubeform-provider-google-dialogflow-crds
  repository: file://../kubeform-provider-google-dialogflow-crds
  version: v2021.07.01
- name: kubeform-provider-google-dns-crds
  repository: file://../kubeform-provider-google-dns-crds
  version: v2021.07.01
- name: kubeform-provider-google-endpoints-crds
  repository: file://../kubeform-provider-google-endpoints-crds
  version: v2021.07.01
- name: kubeform-provider-google-eventarc-crds
  repository: file://../kubeform-provider-google-eventarc-crds
  version: v2021.07.01
- name: kubeform-provider-google-filestore-crds
  repository: file://../kubeform-provider-google-filestore-crds
  version: v2021.07.01
- name: kubeform-provider-google-firestore-crds
  repository: file://../kubeform-provider-google-firestore-crds
  version: v2021.07.01
- name: kubeform-provider-google-folder-crds
  repository: file://../kubeform-provider-google-folder-crds
  version: v2021.07.01
- name: kubeform-provider-google-game-crds
  repository: file://../kubeform-provider-google-game-crds
  version: v2021.07.01
- name: kubeform-provider-google-healthcare-crds
  repository: file://../kubeform-provider-google-healthcare-crds
  version: v2021.07.01
- name: kubeform-provider-google-iap-crds
  repository: file://../kubeform-provider-google-iap-crds
  version: v2021.07.01
- name: kubeform-provider-google-identity-crds
  repository: file://../kubeform-provider-google-identity-crds
  version: v2021.07.01
- name: kubeform-provider-google-kms-crds
  repository: file://../kubeform-provider-google-kms-crds
  version: v2021.07.01
- name: kubeform-provider-google-logging-crds
  repository: file://../kubeform-provider-google-logging-crds
  version: v2021.07.01
- name: kubeform-provider-google-memcache-crds
  repository: file://../kubeform-provider-google-memcache-crds
  version: v2021.07.01
- name: kubeform-provider-google-ml-crds
  repository: file://../kubeform-provider-google-ml-crds
  version: v2021.07.01
- name: kubeform-provider-google-monitoring-crds
  repository: file://../kubeform-provider-google-monitoring-crds
  version: v2021.07.01
- name: kubeform-provider-google-network-crds
  repository: file://../kubeform-provider-google-network-crds
  version: v2021.07.01
- name: kubeform-provider-google-notebooks-crds
  repository: file://../kubeform-provider-google-notebooks-crds
  version: v2021.07.01
- name: kubeform-provider-google-organization-crds
  repository: file://../kubeform-provider-google-organization-crds
  version: v2021.07.01
- name: kubeform-provider-google-os-crds
  repository: file://../kubeform-provider-google-os-crds
  version: v2021.07.01
- name: kubeform-provider-google-project-crds
  repository: file://../kubeform-provider-google-project-crds
  version: v2021.07.01
- name: kubeform-provider-google-pubsub-crds
  repository: file://../kubeform-provider-google-pubsub-crds
  version: v2021.07.01
- name: kubeform-provider-google-redis-crds
  repository: file://../kubeform-provider-google-redis-crds
  version: v2021.07.01
- name: kubeform-provider-google-resource-crds
  repository: file://../kubeform-provider-google-resource-crds
  version: v2021.07.01
- name: kubeform-provider-google-runtimeconfig-crds
  repository: file://../kubeform-provider-google-runtimeconfig-crds
  version: v2021.07.01
- name: kubeform-provider-google-scc-crds
  repository: file://../kubeform-provider-google-scc-crds
  version: v2021.07.01
- name: kubeform-provider-google-secret-crds
  repository: file://../kubeform-provider-google-secret-crds
  version: v2021.07.01
- name: kubeform-provider-google-service-crds
  repository: file://../kubeform-provider-google-service-crds
  version: v2021.07.01
- name: kubeform-provider-google-sourcereporepository-crds
  repository: file://../kubeform-provider-google-sourcereporepository-crds
  version: v2021.07.01
- name: kubeform-provider-google-spanner-crds
  repository: file://../kubeform-provider-google-spanner-crds
  version: v2021.07.01
- name: kubeform-provider-google-sql-crds
  repository: file://../kubeform-provider-google-sql-crds
  version: v2021.07.01
- name: kubeform-provider-google-storage-crds
  repository: file://../kubeform-provider-google-storage-crds
  version: v2021.07.01
- name: kubeform-provider-google-tags-crds
  repository: file://../kubeform-provider-google-tags-crds
  version: v2021.07.01
- name: kubeform-provider-google-tpu-crds
  repository: file://../kubeform-provider-google-tpu-crds
  version: v2021.07.01
- name: kubeform-provider-google-vertex-crds
  repository: file://../kubeform-provider-google-vertex-crds
  version: v2021.07.01
- name: kubeform-provider-google-vpc-crds
  repository: file://../kubeform-provider-google-vpc-crds
  version: v2021.07.01
- name: kubeform-provider-google-workflows-crds
  repository: file://../kubeform-provider-google-workflows-crds
  version: v2021.07.01
digest: sha256:058f84676acb402ba4dbad54c9194ed936fc8c1d77deeca25a75325983bf7bfa
generated: "2021-07-03T18:17:20.815344876Z"
