dependencies:
- name: kubeform-provider
  repository: file://../kubeform-provider
  version: v0.1.0
- name: kubeform-provider-aws-accessanalyzer-crds
  repository: file://../kubeform-provider-aws-accessanalyzer-crds
  version: v2021.07.01
- name: kubeform-provider-aws-acm-crds
  repository: file://../kubeform-provider-aws-acm-crds
  version: v2021.07.01
- name: kubeform-provider-aws-acmpca-crds
  repository: file://../kubeform-provider-aws-acmpca-crds
  version: v2021.07.01
- name: kubeform-provider-aws-alb-crds
  repository: file://../kubeform-provider-aws-alb-crds
  version: v2021.07.01
- name: kubeform-provider-aws-ami-crds
  repository: file://../kubeform-provider-aws-ami-crds
  version: v2021.07.01
- name: kubeform-provider-aws-amplify-crds
  repository: file://../kubeform-provider-aws-amplify-crds
  version: v2021.07.01
- name: kubeform-provider-aws-apigateway-crds
  repository: file://../kubeform-provider-aws-apigateway-crds
  version: v2021.07.01
- name: kubeform-provider-aws-apigatewayv2-crds
  repository: file://../kubeform-provider-aws-apigatewayv2-crds
  version: v2021.07.01
- name: kubeform-provider-aws-app-crds
  repository: file://../kubeform-provider-aws-app-crds
  version: v2021.07.01
- name: kubeform-provider-aws-appautoscaling-crds
  repository: file://../kubeform-provider-aws-appautoscaling-crds
  version: v2021.07.01
- name: kubeform-provider-aws-appmesh-crds
  repository: file://../kubeform-provider-aws-appmesh-crds
  version: v2021.07.01
- name: kubeform-provider-aws-apprunner-crds
  repository: file://../kubeform-provider-aws-apprunner-crds
  version: v2021.07.01
- name: kubeform-provider-aws-appsync-crds
  repository: file://../kubeform-provider-aws-appsync-crds
  version: v2021.07.01
- name: kubeform-provider-aws-athena-crds
  repository: file://../kubeform-provider-aws-athena-crds
  version: v2021.07.01
- name: kubeform-provider-aws-autoscaling-crds
  repository: file://../kubeform-provider-aws-autoscaling-crds
  version: v2021.07.01
- name: kubeform-provider-aws-autoscalingplans-crds
  repository: file://../kubeform-provider-aws-autoscalingplans-crds
  version: v2021.07.01
- name: kubeform-provider-aws-backup-crds
  repository: file://../kubeform-provider-aws-backup-crds
  version: v2021.07.01
- name: kubeform-provider-aws-batch-crds
  repository: file://../kubeform-provider-aws-batch-crds
  version: v2021.07.01
- name: kubeform-provider-aws-budgets-crds
  repository: file://../kubeform-provider-aws-budgets-crds
  version: v2021.07.01
- name: kubeform-provider-aws-cloud9-crds
  repository: file://../kubeform-provider-aws-cloud9-crds
  version: v2021.07.01
- name: kubeform-provider-aws-cloudformationstack-crds
  repository: file://../kubeform-provider-aws-cloudformationstack-crds
  version: v2021.07.01
- name: kubeform-provider-aws-cloudformationtype-crds
  repository: file://../kubeform-provider-aws-cloudformationtype-crds
  version: v2021.07.01
- name: kubeform-provider-aws-cloudfront-crds
  repository: file://../kubeform-provider-aws-cloudfront-crds
  version: v2021.07.01
- name: kubeform-provider-aws-cloudhsmv2-crds
  repository: file://../kubeform-provider-aws-cloudhsmv2-crds
  version: v2021.07.01
- name: kubeform-provider-aws-cloudtrail-crds
  repository: file://../kubeform-provider-aws-cloudtrail-crds
  version: v2021.07.01
- name: kubeform-provider-aws-cloudwatch-crds
  repository: file://../kubeform-provider-aws-cloudwatch-crds
  version: v2021.07.01
- name: kubeform-provider-aws-codeartifact-crds
  repository: file://../kubeform-provider-aws-codeartifact-crds
  version: v2021.07.01
- name: kubeform-provider-aws-codebuild-crds
  repository: file://../kubeform-provider-aws-codebuild-crds
  version: v2021.07.01
- name: kubeform-provider-aws-codecommit-crds
  repository: file://../kubeform-provider-aws-codecommit-crds
  version: v2021.07.01
- name: kubeform-provider-aws-codedeploy-crds
  repository: file://../kubeform-provider-aws-codedeploy-crds
  version: v2021.07.01
- name: kubeform-provider-aws-codepipeline-crds
  repository: file://../kubeform-provider-aws-codepipeline-crds
  version: v2021.07.01
- name: kubeform-provider-aws-codestarconnections-crds
  repository: file://../kubeform-provider-aws-codestarconnections-crds
  version: v2021.07.01
- name: kubeform-provider-aws-codestarnotifications-crds
  repository: file://../kubeform-provider-aws-codestarnotifications-crds
  version: v2021.07.01
- name: kubeform-provider-aws-cognito-crds
  repository: file://../kubeform-provider-aws-cognito-crds
  version: v2021.07.01
- name: kubeform-provider-aws-config-crds
  repository: file://../kubeform-provider-aws-config-crds
  version: v2021.07.01
- name: kubeform-provider-aws-cur-crds
  repository: file://../kubeform-provider-aws-cur-crds
  version: v2021.07.01
- name: kubeform-provider-aws-customer-crds
  repository: file://../kubeform-provider-aws-customer-crds
  version: v2021.07.01
- name: kubeform-provider-aws-datapipeline-crds
  repository: file://../kubeform-provider-aws-datapipeline-crds
  version: v2021.07.01
- name: kubeform-provider-aws-datasync-crds
  repository: file://../kubeform-provider-aws-datasync-crds
  version: v2021.07.01
- name: kubeform-provider-aws-dax-crds
  repository: file://../kubeform-provider-aws-dax-crds
  version: v2021.07.01
- name: kubeform-provider-aws-db-crds
  repository: file://../kubeform-provider-aws-db-crds
  version: v2021.07.01
- name: kubeform-provider-aws-default-crds
  repository: file://../kubeform-provider-aws-default-crds
  version: v2021.07.01
- name: kubeform-provider-aws-devicefarm-crds
  repository: file://../kubeform-provider-aws-devicefarm-crds
  version: v2021.07.01
- name: kubeform-provider-aws-directoryservice-crds
  repository: file://../kubeform-provider-aws-directoryservice-crds
  version: v2021.07.01
- name: kubeform-provider-aws-dlm-crds
  repository: file://../kubeform-provider-aws-dlm-crds
  version: v2021.07.01
- name: kubeform-provider-aws-dms-crds
  repository: file://../kubeform-provider-aws-dms-crds
  version: v2021.07.01
- name: kubeform-provider-aws-docdb-crds
  repository: file://../kubeform-provider-aws-docdb-crds
  version: v2021.07.01
- name: kubeform-provider-aws-dx-crds
  repository: file://../kubeform-provider-aws-dx-crds
  version: v2021.07.01
- name: kubeform-provider-aws-dynamodb-crds
  repository: file://../kubeform-provider-aws-dynamodb-crds
  version: v2021.07.01
- name: kubeform-provider-aws-ebs-crds
  repository: file://../kubeform-provider-aws-ebs-crds
  version: v2021.07.01
- name: kubeform-provider-aws-ec2-crds
  repository: file://../kubeform-provider-aws-ec2-crds
  version: v2021.07.01
- name: kubeform-provider-aws-ecr-crds
  repository: file://../kubeform-provider-aws-ecr-crds
  version: v2021.07.01
- name: kubeform-provider-aws-ecrpublic-crds
  repository: file://../kubeform-provider-aws-ecrpublic-crds
  version: v2021.07.01
- name: kubeform-provider-aws-ecs-crds
  repository: file://../kubeform-provider-aws-ecs-crds
  version: v2021.07.01
- name: kubeform-provider-aws-efs-crds
  repository: file://../kubeform-provider-aws-efs-crds
  version: v2021.07.01
- name: kubeform-provider-aws-egress-crds
  repository: file://../kubeform-provider-aws-egress-crds
  version: v2021.07.01
- name: kubeform-provider-aws-eip-crds
  repository: file://../kubeform-provider-aws-eip-crds
  version: v2021.07.01
- name: kubeform-provider-aws-eks-crds
  repository: file://../kubeform-provider-aws-eks-crds
  version: v2021.07.01
- name: kubeform-provider-aws-elasticache-crds
  repository: file://../kubeform-provider-aws-elasticache-crds
  version: v2021.07.01
- name: kubeform-provider-aws-elasticbeanstalk-crds
  repository: file://../kubeform-provider-aws-elasticbeanstalk-crds
  version: v2021.07.01
- name: kubeform-provider-aws-elasticsearchdomain-crds
  repository: file://../kubeform-provider-aws-elasticsearchdomain-crds
  version: v2021.07.01
- name: kubeform-provider-aws-elastictranscoder-crds
  repository: file://../kubeform-provider-aws-elastictranscoder-crds
  version: v2021.07.01
- name: kubeform-provider-aws-elb-crds
  repository: file://../kubeform-provider-aws-elb-crds
  version: v2021.07.01
- name: kubeform-provider-aws-emr-crds
  repository: file://../kubeform-provider-aws-emr-crds
  version: v2021.07.01
- name: kubeform-provider-aws-flow-crds
  repository: file://../kubeform-provider-aws-flow-crds
  version: v2021.07.01
- name: kubeform-provider-aws-fms-crds
  repository: file://../kubeform-provider-aws-fms-crds
  version: v2021.07.01
- name: kubeform-provider-aws-fsx-crds
  repository: file://../kubeform-provider-aws-fsx-crds
  version: v2021.07.01
- name: kubeform-provider-aws-gamelift-crds
  repository: file://../kubeform-provider-aws-gamelift-crds
  version: v2021.07.01
- name: kubeform-provider-aws-glaciervault-crds
  repository: file://../kubeform-provider-aws-glaciervault-crds
  version: v2021.07.01
- name: kubeform-provider-aws-globalaccelerator-crds
  repository: file://../kubeform-provider-aws-globalaccelerator-crds
  version: v2021.07.01
- name: kubeform-provider-aws-glue-crds
  repository: file://../kubeform-provider-aws-glue-crds
  version: v2021.07.01
- name: kubeform-provider-aws-guardduty-crds
  repository: file://../kubeform-provider-aws-guardduty-crds
  version: v2021.07.01
- name: kubeform-provider-aws-iam-crds
  repository: file://../kubeform-provider-aws-iam-crds
  version: v2021.07.01
- name: kubeform-provider-aws-imagebuilder-crds
  repository: file://../kubeform-provider-aws-imagebuilder-crds
  version: v2021.07.01
- name: kubeform-provider-aws-inspector-crds
  repository: file://../kubeform-provider-aws-inspector-crds
  version: v2021.07.01
- name: kubeform-provider-aws-instance-crds
  repository: file://../kubeform-provider-aws-instance-crds
  version: v2021.07.01
- name: kubeform-provider-aws-internet-crds
  repository: file://../kubeform-provider-aws-internet-crds
  version: v2021.07.01
- name: kubeform-provider-aws-iot-crds
  repository: file://../kubeform-provider-aws-iot-crds
  version: v2021.07.01
- name: kubeform-provider-aws-key-crds
  repository: file://../kubeform-provider-aws-key-crds
  version: v2021.07.01
- name: kubeform-provider-aws-kinesis-crds
  repository: file://../kubeform-provider-aws-kinesis-crds
  version: v2021.07.01
- name: kubeform-provider-aws-kinesisanalyticsv2-crds
  repository: file://../kubeform-provider-aws-kinesisanalyticsv2-crds
  version: v2021.07.01
- name: kubeform-provider-aws-kms-crds
  repository: file://../kubeform-provider-aws-kms-crds
  version: v2021.07.01
- name: kubeform-provider-aws-lakeformation-crds
  repository: file://../kubeform-provider-aws-lakeformation-crds
  version: v2021.07.01
- name: kubeform-provider-aws-lambda-crds
  repository: file://../kubeform-provider-aws-lambda-crds
  version: v2021.07.01
- name: kubeform-provider-aws-launch-crds
  repository: file://../kubeform-provider-aws-launch-crds
  version: v2021.07.01
- name: kubeform-provider-aws-lb-crds
  repository: file://../kubeform-provider-aws-lb-crds
  version: v2021.07.01
- name: kubeform-provider-aws-lex-crds
  repository: file://../kubeform-provider-aws-lex-crds
  version: v2021.07.01
- name: kubeform-provider-aws-licensemanager-crds
  repository: file://../kubeform-provider-aws-licensemanager-crds
  version: v2021.07.01
- name: kubeform-provider-aws-lightsail-crds
  repository: file://../kubeform-provider-aws-lightsail-crds
  version: v2021.07.01
- name: kubeform-provider-aws-loadbalancer-crds
  repository: file://../kubeform-provider-aws-loadbalancer-crds
  version: v2021.07.01
- name: kubeform-provider-aws-macie-crds
  repository: file://../kubeform-provider-aws-macie-crds
  version: v2021.07.01
- name: kubeform-provider-aws-macie2-crds
  repository: file://../kubeform-provider-aws-macie2-crds
  version: v2021.07.01
- name: kubeform-provider-aws-main-crds
  repository: file://../kubeform-provider-aws-main-crds
  version: v2021.07.01
- name: kubeform-provider-aws-media-crds
  repository: file://../kubeform-provider-aws-media-crds
  version: v2021.07.01
- name: kubeform-provider-aws-mq-crds
  repository: file://../kubeform-provider-aws-mq-crds
  version: v2021.07.01
- name: kubeform-provider-aws-msk-crds
  repository: file://../kubeform-provider-aws-msk-crds
  version: v2021.07.01
- name: kubeform-provider-aws-mwaa-crds
  repository: file://../kubeform-provider-aws-mwaa-crds
  version: v2021.07.01
- name: kubeform-provider-aws-nat-crds
  repository: file://../kubeform-provider-aws-nat-crds
  version: v2021.07.01
- name: kubeform-provider-aws-neptune-crds
  repository: file://../kubeform-provider-aws-neptune-crds
  version: v2021.07.01
- name: kubeform-provider-aws-network-crds
  repository: file://../kubeform-provider-aws-network-crds
  version: v2021.07.01
- name: kubeform-provider-aws-networkfirewall-crds
  repository: file://../kubeform-provider-aws-networkfirewall-crds
  version: v2021.07.01
- name: kubeform-provider-aws-opsworks-crds
  repository: file://../kubeform-provider-aws-opsworks-crds
  version: v2021.07.01
- name: kubeform-provider-aws-organizations-crds
  repository: file://../kubeform-provider-aws-organizations-crds
  version: v2021.07.01
- name: kubeform-provider-aws-pinpoint-crds
  repository: file://../kubeform-provider-aws-pinpoint-crds
  version: v2021.07.01
- name: kubeform-provider-aws-placement-crds
  repository: file://../kubeform-provider-aws-placement-crds
  version: v2021.07.01
- name: kubeform-provider-aws-prometheus-crds
  repository: file://../kubeform-provider-aws-prometheus-crds
  version: v2021.07.01
- name: kubeform-provider-aws-proxy-crds
  repository: file://../kubeform-provider-aws-proxy-crds
  version: v2021.07.01
- name: kubeform-provider-aws-qldb-crds
  repository: file://../kubeform-provider-aws-qldb-crds
  version: v2021.07.01
- name: kubeform-provider-aws-quicksight-crds
  repository: file://../kubeform-provider-aws-quicksight-crds
  version: v2021.07.01
- name: kubeform-provider-aws-ram-crds
  repository: file://../kubeform-provider-aws-ram-crds
  version: v2021.07.01
- name: kubeform-provider-aws-rds-crds
  repository: file://../kubeform-provider-aws-rds-crds
  version: v2021.07.01
- name: kubeform-provider-aws-redshift-crds
  repository: file://../kubeform-provider-aws-redshift-crds
  version: v2021.07.01
- name: kubeform-provider-aws-resourcegroups-crds
  repository: file://../kubeform-provider-aws-resourcegroups-crds
  version: v2021.07.01
- name: kubeform-provider-aws-route-crds
  repository: file://../kubeform-provider-aws-route-crds
  version: v2021.07.01
- name: kubeform-provider-aws-route53-crds
  repository: file://../kubeform-provider-aws-route53-crds
  version: v2021.07.01
- name: kubeform-provider-aws-s3-crds
  repository: file://../kubeform-provider-aws-s3-crds
  version: v2021.07.01
- name: kubeform-provider-aws-s3control-crds
  repository: file://../kubeform-provider-aws-s3control-crds
  version: v2021.07.01
- name: kubeform-provider-aws-s3outposts-crds
  repository: file://../kubeform-provider-aws-s3outposts-crds
  version: v2021.07.01
- name: kubeform-provider-aws-sagemaker-crds
  repository: file://../kubeform-provider-aws-sagemaker-crds
  version: v2021.07.01
- name: kubeform-provider-aws-schemas-crds
  repository: file://../kubeform-provider-aws-schemas-crds
  version: v2021.07.01
- name: kubeform-provider-aws-secretsmanager-crds
  repository: file://../kubeform-provider-aws-secretsmanager-crds
  version: v2021.07.01
- name: kubeform-provider-aws-security-crds
  repository: file://../kubeform-provider-aws-security-crds
  version: v2021.07.01
- name: kubeform-provider-aws-securityhub-crds
  repository: file://../kubeform-provider-aws-securityhub-crds
  version: v2021.07.01
- name: kubeform-provider-aws-serverlessapplicationrepository-crds
  repository: file://../kubeform-provider-aws-serverlessapplicationrepository-crds
  version: v2021.07.01
- name: kubeform-provider-aws-servicecatalog-crds
  repository: file://../kubeform-provider-aws-servicecatalog-crds
  version: v2021.07.01
- name: kubeform-provider-aws-servicediscovery-crds
  repository: file://../kubeform-provider-aws-servicediscovery-crds
  version: v2021.07.01
- name: kubeform-provider-aws-servicequotas-crds
  repository: file://../kubeform-provider-aws-servicequotas-crds
  version: v2021.07.01
- name: kubeform-provider-aws-ses-crds
  repository: file://../kubeform-provider-aws-ses-crds
  version: v2021.07.01
- name: kubeform-provider-aws-sfn-crds
  repository: file://../kubeform-provider-aws-sfn-crds
  version: v2021.07.01
- name: kubeform-provider-aws-shield-crds
  repository: file://../kubeform-provider-aws-shield-crds
  version: v2021.07.01
- name: kubeform-provider-aws-signer-crds
  repository: file://../kubeform-provider-aws-signer-crds
  version: v2021.07.01
- name: kubeform-provider-aws-simpledb-crds
  repository: file://../kubeform-provider-aws-simpledb-crds
  version: v2021.07.01
- name: kubeform-provider-aws-snapshot-crds
  repository: file://../kubeform-provider-aws-snapshot-crds
  version: v2021.07.01
- name: kubeform-provider-aws-sns-crds
  repository: file://../kubeform-provider-aws-sns-crds
  version: v2021.07.01
- name: kubeform-provider-aws-spot-crds
  repository: file://../kubeform-provider-aws-spot-crds
  version: v2021.07.01
- name: kubeform-provider-aws-sqsqueue-crds
  repository: file://../kubeform-provider-aws-sqsqueue-crds
  version: v2021.07.01
- name: kubeform-provider-aws-ssm-crds
  repository: file://../kubeform-provider-aws-ssm-crds
  version: v2021.07.01
- name: kubeform-provider-aws-ssoadmin-crds
  repository: file://../kubeform-provider-aws-ssoadmin-crds
  version: v2021.07.01
- name: kubeform-provider-aws-storagegateway-crds
  repository: file://../kubeform-provider-aws-storagegateway-crds
  version: v2021.07.01
- name: kubeform-provider-aws-subnet-crds
  repository: file://../kubeform-provider-aws-subnet-crds
  version: v2021.07.01
- name: kubeform-provider-aws-swf-crds
  repository: file://../kubeform-provider-aws-swf-crds
  version: v2021.07.01
- name: kubeform-provider-aws-synthetics-crds
  repository: file://../kubeform-provider-aws-synthetics-crds
  version: v2021.07.01
- name: kubeform-provider-aws-timestreamwrite-crds
  repository: file://../kubeform-provider-aws-timestreamwrite-crds
  version: v2021.07.01
- name: kubeform-provider-aws-transfer-crds
  repository: file://../kubeform-provider-aws-transfer-crds
  version: v2021.07.01
- name: kubeform-provider-aws-volume-crds
  repository: file://../kubeform-provider-aws-volume-crds
  version: v2021.07.01
- name: kubeform-provider-aws-vpc-crds
  repository: file://../kubeform-provider-aws-vpc-crds
  version: v2021.07.01
- name: kubeform-provider-aws-vpn-crds
  repository: file://../kubeform-provider-aws-vpn-crds
  version: v2021.07.01
- name: kubeform-provider-aws-waf-crds
  repository: file://../kubeform-provider-aws-waf-crds
  version: v2021.07.01
- name: kubeform-provider-aws-wafregional-crds
  repository: file://../kubeform-provider-aws-wafregional-crds
  version: v2021.07.01
- name: kubeform-provider-aws-wafv2-crds
  repository: file://../kubeform-provider-aws-wafv2-crds
  version: v2021.07.01
- name: kubeform-provider-aws-worklink-crds
  repository: file://../kubeform-provider-aws-worklink-crds
  version: v2021.07.01
- name: kubeform-provider-aws-workspaces-crds
  repository: file://../kubeform-provider-aws-workspaces-crds
  version: v2021.07.01
- name: kubeform-provider-aws-xray-crds
  repository: file://../kubeform-provider-aws-xray-crds
  version: v2021.07.01
digest: sha256:510cf721ff22bea6734f0fdc05f191ae3533ed1ebc426dca8026375a8928e477
generated: "2021-07-03T18:17:20.07970324Z"
