dependencies:
- name: kubeform-provider
  repository: file://../kubeform-provider
  version: v2021.07.01
- name: kubeform-provider-digitalocean-app-crds
  repository: file://../kubeform-provider-digitalocean-app-crds
  version: v2021.07.01
- name: kubeform-provider-digitalocean-cdn-crds
  repository: file://../kubeform-provider-digitalocean-cdn-crds
  version: v2021.07.01
- name: kubeform-provider-digitalocean-certificate-crds
  repository: file://../kubeform-provider-digitalocean-certificate-crds
  version: v2021.07.01
- name: kubeform-provider-digitalocean-containerregistry-crds
  repository: file://../kubeform-provider-digitalocean-containerregistry-crds
  version: v2021.07.01
- name: kubeform-provider-digitalocean-custom-crds
  repository: file://../kubeform-provider-digitalocean-custom-crds
  version: v2021.07.01
- name: kubeform-provider-digitalocean-database-crds
  repository: file://../kubeform-provider-digitalocean-database-crds
  version: v2021.07.01
- name: kubeform-provider-digitalocean-domain-crds
  repository: file://../kubeform-provider-digitalocean-domain-crds
  version: v2021.07.01
- name: kubeform-provider-digitalocean-droplet-crds
  repository: file://../kubeform-provider-digitalocean-droplet-crds
  version: v2021.07.01
- name: kubeform-provider-digitalocean-firewall-crds
  repository: file://../kubeform-provider-digitalocean-firewall-crds
  version: v2021.07.01
- name: kubeform-provider-digitalocean-floatingip-crds
  repository: file://../kubeform-provider-digitalocean-floatingip-crds
  version: v2021.07.01
- name: kubeform-provider-digitalocean-kubernetes-crds
  repository: file://../kubeform-provider-digitalocean-kubernetes-crds
  version: v2021.07.01
- name: kubeform-provider-digitalocean-loadbalancer-crds
  repository: file://../kubeform-provider-digitalocean-loadbalancer-crds
  version: v2021.07.01
- name: kubeform-provider-digitalocean-project-crds
  repository: file://../kubeform-provider-digitalocean-project-crds
  version: v2021.07.01
- name: kubeform-provider-digitalocean-record-crds
  repository: file://../kubeform-provider-digitalocean-record-crds
  version: v2021.07.01
- name: kubeform-provider-digitalocean-spacesbucket-crds
  repository: file://../kubeform-provider-digitalocean-spacesbucket-crds
  version: v2021.07.01
- name: kubeform-provider-digitalocean-ssh-crds
  repository: file://../kubeform-provider-digitalocean-ssh-crds
  version: v2021.07.01
- name: kubeform-provider-digitalocean-tag-crds
  repository: file://../kubeform-provider-digitalocean-tag-crds
  version: v2021.07.01
- name: kubeform-provider-digitalocean-volume-crds
  repository: file://../kubeform-provider-digitalocean-volume-crds
  version: v2021.07.01
- name: kubeform-provider-digitalocean-vpc-crds
  repository: file://../kubeform-provider-digitalocean-vpc-crds
  version: v2021.07.01
digest: sha256:27452abd79f9a5acdee109f5ddeae4ff858abce045f9e75a243123c05c52d292
generated: "2021-07-03T14:26:42.600151469-07:00"
